
Microsoft Visual Studio Solution File, Format Version 12.00
# Visual Studio 15
VisualStudioVersion = 15.0.26730.16
MinimumVisualStudioVersion = 10.0.40219.1
Project("{FAE04EC0-301F-11D3-BF4B-00C04F79EFBC}") = "NeuralNetwork.Interface", "NeuralNetwork.Interface\NeuralNetwork.Interface.csproj", "{ADF977FF-C270-4815-8F10-566677CDB52B}"
EndProject
Project("{FAE04EC0-301F-11D3-BF4B-00C04F79EFBC}") = "NeuralNetwork.Core", "NeuralNetwork.Core\NeuralNetwork.Core.csproj", "{91627F27-C789-447C-8E56-DBFA86455FFC}"
EndProject
Project("{FAE04EC0-301F-11D3-BF4B-00C04F79EFBC}") = "NeuralNetwork.Core.Test", "NeuralNetwork.Core.Test\NeuralNetwork.Core.Test.csproj", "{D783BFBB-9AFA-4A2E-8674-4549D05CEE60}"
EndProject
Global
	GlobalSection(SolutionConfigurationPlatforms) = preSolution
		Debug|Any CPU = Debug|Any CPU
		Release|Any CPU = Release|Any CPU
	EndGlobalSection
	GlobalSection(ProjectConfigurationPlatforms) = postSolution
		{ADF977FF-C270-4815-8F10-566677CDB52B}.Debug|Any CPU.ActiveCfg = Debug|Any CPU
		{ADF977FF-C270-4815-8F10-566677CDB52B}.Debug|Any CPU.Build.0 = Debug|Any CPU
		{ADF977FF-C270-4815-8F10-566677CDB52B}.Release|Any CPU.ActiveCfg = Release|Any CPU
		{ADF977FF-C270-4815-8F10-566677CDB52B}.Release|Any CPU.Build.0 = Release|Any CPU
		{91627F27-C789-447C-8E56-DBFA86455FFC}.Debug|Any CPU.ActiveCfg = Debug|Any CPU
		{91627F27-C789-447C-8E56-DBFA86455FFC}.Debug|Any CPU.Build.0 = Debug|Any CPU
		{91627F27-C789-447C-8E56-DBFA86455FFC}.Release|Any CPU.ActiveCfg = Release|Any CPU
		{91627F27-C789-447C-8E56-DBFA86455FFC}.Release|Any CPU.Build.0 = Release|Any CPU
		{D783BFBB-9AFA-4A2E-8674-4549D05CEE60}.Debug|Any CPU.ActiveCfg = Debug|Any CPU
		{D783BFBB-9AFA-4A2E-8674-4549D05CEE60}.Debug|Any CPU.Build.0 = Debug|Any CPU
		{D783BFBB-9AFA-4A2E-8674-4549D05CEE60}.Release|Any CPU.ActiveCfg = Release|Any CPU
		{D783BFBB-9AFA-4A2E-8674-4549D05CEE60}.Release|Any CPU.Build.0 = Release|Any CPU
	EndGlobalSection
	GlobalSection(SolutionProperties) = preSolution
		HideSolutionNode = FALSE
	EndGlobalSection
	GlobalSection(ExtensibilityGlobals) = postSolution
		SolutionGuid = {C64CCF2D-ECCF-4AFC-A6D5-EF9295E60707}
	EndGlobalSection
EndGlobal
